{
  "lockfileVersion": 1,
  "configVersion": 1,
  "workspaces": {
    "": {
      "dependencies": {
        "@fortawesome/fontawesome-svg-core": "6.6.0",
        "@fortawesome/free-brands-svg-icons": "6.6.0",
        "@fortawesome/free-solid-svg-icons": "6.6.0",
        "@fortawesome/react-fontawesome": "0.2.2",
      },
    },
  },
  "packages": {
    "@fortawesome/fontawesome-common-types": ["@fortawesome/fontawesome-common-types@6.6.0", "", {}, "sha512-xyX0X9mc0kyz9plIyryrRbl7ngsA9jz77mCZJsUkLl+ZKs0KWObgaEBoSgQiYWAsSmjz/yjl0F++Got0Mdp4Rw=="],

    "@fortawesome/fontawesome-svg-core": ["@fortawesome/fontawesome-svg-core@6.6.0", "", { "dependencies": { "@fortawesome/fontawesome-common-types": "6.6.0" } }, "sha512-KHwPkCk6oRT4HADE7smhfsKudt9N/9lm6EJ5BVg0tD1yPA5hht837fB87F8pn15D8JfTqQOjhKTktwmLMiD7Kg=="],

    "@fortawesome/free-brands-svg-icons": ["@fortawesome/free-brands-svg-icons@6.6.0", "", { "dependencies": { "@fortawesome/fontawesome-common-types": "6.6.0" } }, "sha512-1MPD8lMNW/earme4OQi1IFHtmHUwAKgghXlNwWi9GO7QkTfD+IIaYpIai4m2YJEzqfEji3jFHX1DZI5pbY/biQ=="],

    "@fortawesome/free-solid-svg-icons": ["@fortawesome/free-solid-svg-icons@6.6.0", "", { "dependencies": { "@fortawesome/fontawesome-common-types": "6.6.0" } }, "sha512-IYv/2skhEDFc2WGUcqvFJkeK39Q+HyPf5GHUrT/l2pKbtgEIv1al1TKd6qStR5OIwQdN1GZP54ci3y4mroJWjA=="],

    "@fortawesome/react-fontawesome": ["@fortawesome/react-fontawesome@0.2.2", "", { "dependencies": { "prop-types": "^15.8.1" }, "peerDependencies": { "@fortawesome/fontawesome-svg-core": "~1 || ~6", "react": ">=16.3" } }, "sha512-EnkrprPNqI6SXJl//m29hpaNzOp1bruISWaOiRtkMi/xSvHJlzc2j2JAYS7egxt/EbjSNV/k6Xy0AQI6vB2+1g=="],

    "js-tokens": ["js-tokens@4.0.0", "", {}, "sha512-RdJUflcE3cUzKiMqQgsCu06FPu9UdIJO0beYbPhHN4k6apgJtifcoCtT9bcxOpYBtpD2kCM6Sbzg4CausW/PKQ=="],

    "loose-envify": ["loose-envify@1.4.0", "", { "dependencies": { "js-tokens": "^3.0.0 || ^4.0.0" }, "bin": { "loose-envify": "cli.js" } }, "sha512-lyuxPGr/Wfhrlem2CL/UcnUc1zcqKAImBDzukY7Y5F/yQiNdko6+fRLevlw1HgMySw7f611UIY408EtxRSoK3Q=="],

    "object-assign": ["object-assign@4.1.1", "", {}, "sha512-rJgTQnkUnH1sFw8yT6VSU3zD3sWmu6sZhIseY8VX+GRu3P6F7Fu+JNDoXfklElbLJSnc3FUQHVe4cU5hj+BcUg=="],

    "prop-types": ["prop-types@15.8.1", "", { "dependencies": { "loose-envify": "^1.4.0", "object-assign": "^4.1.1", "react-is": "^16.13.1" } }, "sha512-oj87CgZICdulUohogVAR7AjlC0327U4el4L6eAvOqCeudMDVU0NThNaV+b9Df4dXgSP1gXMTnPdhfe/2qDH5cg=="],

    "react": ["react@19.2.3", "", {}, "sha512-Ku/hhYbVjOQnXDZFv2+RibmLFGwFdeeKHFcOTlrt7xplBnya5OGn/hIRDsqDiSUcfORsDC7MPxwork8jBwsIWA=="],

    "react-is": ["react-is@16.13.1", "", {}, "sha512-24e6ynE2H+OKt4kqsOvNd8kBpV65zoxbA4BVsEOB3ARVWQki/DHzaUoC5KuON/BiccDaCCTZBuOcfZs70kR8bQ=="],
  }
}
